// generated by milpa; reproducible build snapshot
version 1
strategy "maxver"

dep "softlink" {
    source {
        kind "git"
        url (url)"https://github.com/coreyleavitt/softlink"
        ref "v0.11.2"
    }
    identity "dag-sha256:9788e3757f25f3ef26f1bc7db0f570a08cc0153a1324bd9301b941b745c37b70"
    version "0.11.2"
    declared_version_source "nimble"
    src_dir "src"
    requires
    provenance {
        origin "observed"
        kind "git"
        url "https://github.com/coreyleavitt/softlink.git"
        ref "v0.11.2"
        commit_sha "872042789d93942e2258d08ff167f44ebc5c8104"
    }
}

dep "z3" {
    source {
        kind "git"
        url (url)"https://github.com/coreyleavitt/nim-z3"
        ref "main"
    }
    identity "dag-sha256:3864c15d5f137bafb026a24f6432258b9f0c47c16aca7aa3e4d11a9848dc148e"
    version "0.0.0"
    src_dir "src"
    requires "softlink"
    provenance {
        origin "observed"
        kind "git"
        url "https://github.com/coreyleavitt/nim-z3.git"
        ref "main"
        commit_sha "ae509f0eea606bd085064ce1f1ab107c2cdd5806"
    }
}
